
Microsoft Visual Studio Solution File, Format Version 12.00
# Visual Studio 15
Project("{FAE04EC0-301F-11D3-BF4B-00C04F79EFBC}") = "Assembly-CSharp", "Assembly-CSharp.csproj", "{2124E0F3-49C8-0FED-14F9-F835475876D3}"
EndProject
Project("{FAE04EC0-301F-11D3-BF4B-00C04F79EFBC}") = "Assembly-CSharp-Editor", "Assembly-CSharp-Editor.csproj", "{62C44EFB-DF50-8C05-D1A4-D8A859D73890}"
EndProject
Global
	GlobalSection(SolutionConfigurationPlatforms) = preSolution
		Debug|Any CPU = Debug|Any CPU
		Release|Any CPU = Release|Any CPU
	EndGlobalSection
	GlobalSection(ProjectConfigurationPlatforms) = postSolution
		{2124E0F3-49C8-0FED-14F9-F835475876D3}.Debug|Any CPU.ActiveCfg = Debug|Any CPU
		{2124E0F3-49C8-0FED-14F9-F835475876D3}.Debug|Any CPU.Build.0 = Debug|Any CPU
		{2124E0F3-49C8-0FED-14F9-F835475876D3}.Release|Any CPU.ActiveCfg = Release|Any CPU
		{2124E0F3-49C8-0FED-14F9-F835475876D3}.Release|Any CPU.Build.0 = Release|Any CPU
		{62C44EFB-DF50-8C05-D1A4-D8A859D73890}.Debug|Any CPU.ActiveCfg = Debug|Any CPU
		{62C44EFB-DF50-8C05-D1A4-D8A859D73890}.Debug|Any CPU.Build.0 = Debug|Any CPU
		{62C44EFB-DF50-8C05-D1A4-D8A859D73890}.Release|Any CPU.ActiveCfg = Release|Any CPU
		{62C44EFB-DF50-8C05-D1A4-D8A859D73890}.Release|Any CPU.Build.0 = Release|Any CPU
	EndGlobalSection
	GlobalSection(SolutionProperties) = preSolution
		HideSolutionNode = FALSE
	EndGlobalSection
EndGlobal
